
Microsoft Visual Studio Solution File, Format Version 12.00
Project("{FAE04EC0-301F-11D3-BF4B-00C04F79EFBC}") = "Students", "Students.csproj", "{9B71B2F2-ACCC-48BE-8C80-3B104506CE45}"
EndProject
Global
	GlobalSection(SolutionConfigurationPlatforms) = preSolution
		Debug|Any CPU = Debug|Any CPU
		Release|Any CPU = Release|Any CPU
	EndGlobalSection
	GlobalSection(ProjectConfigurationPlatforms) = postSolution
		{9B71B2F2-ACCC-48BE-8C80-3B104506CE45}.Debug|Any CPU.ActiveCfg = Debug|Any CPU
		{9B71B2F2-ACCC-48BE-8C80-3B104506CE45}.Debug|Any CPU.Build.0 = Debug|Any CPU
		{9B71B2F2-ACCC-48BE-8C80-3B104506CE45}.Release|Any CPU.ActiveCfg = Release|Any CPU
		{9B71B2F2-ACCC-48BE-8C80-3B104506CE45}.Release|Any CPU.Build.0 = Release|Any CPU
	EndGlobalSection
EndGlobal
